// !$*UTF8*$!
{
	archiveVersion = 1;
	classes = {
	};
	objectVersion = 46;
	objects = {

/* Begin PBXBuildFile section */
		1725AFCF1B3591940093E139 /* main.m in Sources */ = {isa = PBXBuildFile; fileRef = 1725AFCE1B3591940093E139 /* main.m */; };
		1725AFD21B3591940093E139 /* AppDelegate.m in Sources */ = {isa = PBXBuildFile; fileRef = 1725AFD11B3591940093E139 /* AppDelegate.m */; };
		1725AFD51B3591940093E139 /* ViewController.m in Sources */ = {isa = PBXBuildFile; fileRef = 1725AFD41B3591940093E139 /* ViewController.m */; };
		1725AFD81B3591940093E139 /* Main.storyboard in Resources */ = {isa = PBXBuildFile; fileRef = 1725AFD61B3591940093E139 /* Main.storyboard */; };
		1725AFDA1B3591940093E139 /* Images.xcassets in Resources */ = {isa = PBXBuildFile; fileRef = 1725AFD91B3591940093E139 /* Images.xcassets */; };
		1725AFDD1B3591940093E139 /* LaunchScreen.xib in Resources */ = {isa = PBXBuildFile; fileRef = 1725AFDB1B3591940093E139 /* LaunchScreen.xib */; };
		1725AFE91B3591940093E139 /* CharityTests.m in Sources */ = {isa = PBXBuildFile; fileRef = 1725AFE81B3591940093E139 /* CharityTests.m */; };
		A6825D7BC8CCD1B4534239B2 /* libPods-Charity.a in Frameworks */ = {isa = PBXBuildFile; fileRef = F1704AB9679B177506A47A7E /* libPods-Charity.a */; };
		F51BF9341B3592FF001CCDB9 /* Bank.m in Sources */ = {isa = PBXBuildFile; fileRef = F51BF9331B3592FF001CCDB9 /* Bank.m */; };
		F51BF9371B35A55E001CCDB9 /* BalanceView.m in Sources */ = {isa = PBXBuildFile; fileRef = F51BF9361B35A55E001CCDB9 /* BalanceView.m */; };
/* End PBXBuildFile section */

/* Begin PBXContainerItemProxy section */
		1725AFE31B3591940093E139 /* PBXContainerItemProxy */ = {
			isa = PBXContainerItemProxy;
			containerPortal = 1725AFC11B3591940093E139 /* Project object */;
			proxyType = 1;
			remoteGlobalIDString = 1725AFC81B3591940093E139;
			remoteInfo = Charity;
		};
/* End PBXContainerItemProxy section */

/* Begin PBXFileReference section */
		1725AFC91B3591940093E139 /* Charity.app */ = {isa = PBXFileReference; explicitFileType = wrapper.application; includeInIndex = 0; path = Charity.app; sourceTree = BUILT_PRODUCTS_DIR; };
		1725AFCD1B3591940093E139 /* Info.plist */ = {isa = PBXFileReference; lastKnownFileType = text.plist.xml; path = Info.plist; sourceTree = "<group>"; };
		1725AFCE1B3591940093E139 /* main.m */ = {isa = PBXFileReference; lastKnownFileType = sourcecode.c.objc; path = main.m; sourceTree = "<group>"; };
		1725AFD01B3591940093E139 /* AppDelegate.h */ = {isa = PBXFileReference; lastKnownFileType = sourcecode.c.h; path = AppDelegate.h; sourceTree = "<group>"; };
		1725AFD11B3591940093E139 /* AppDelegate.m */ = {isa = PBXFileReference; lastKnownFileType = sourcecode.c.objc; path = AppDelegate.m; sourceTree = "<group>"; };
		1725AFD31B3591940093E139 /* ViewController.h */ = {isa = PBXFileReference; lastKnownFileType = sourcecode.c.h; path = ViewController.h; sourceTree = "<group>"; };
		1725AFD41B3591940093E139 /* ViewController.m */ = {isa = PBXFileReference; lastKnownFileType = sourcecode.c.objc; path = ViewController.m; sourceTree = "<group>"; };
		1725AFD71B3591940093E139 /* Base */ = {isa = PBXFileReference; lastKnownFileType = file.storyboard; name = Base; path = Base.lproj/Main.storyboard; sourceTree = "<group>"; };
		1725AFD91B3591940093E139 /* Images.xcassets */ = {isa = PBXFileReference; lastKnownFileType = folder.assetcatalog; path = Images.xcassets; sourceTree = "<group>"; };
		1725AFDC1B3591940093E139 /* Base */ = {isa = PBXFileReference; lastKnownFileType = file.xib; name = Base; path = Base.lproj/LaunchScreen.xib; sourceTree = "<group>"; };
		1725AFE21B3591940093E139 /* CharityTests.xctest */ = {isa = PBXFileReference; explicitFileType = wrapper.cfbundle; includeInIndex = 0; path = CharityTests.xctest; sourceTree = BUILT_PRODUCTS_DIR; };
		1725AFE71B3591940093E139 /* Info.plist */ = {isa = PBXFileReference; lastKnownFileType = text.plist.xml; path = Info.plist; sourceTree = "<group>"; };
		1725AFE81B3591940093E139 /* CharityTests.m */ = {isa = PBXFileReference; lastKnownFileType = sourcecode.c.objc; path = CharityTests.m; sourceTree = "<group>"; };
		36B4AF9CBBE28A9485C91C97 /* Pods-Charity.release.xcconfig */ = {isa = PBXFileReference; includeInIndex = 1; lastKnownFileType = text.xcconfig; name = "Pods-Charity.release.xcconfig"; path = "Pods/Target Support Files/Pods-Charity/Pods-Charity.release.xcconfig"; sourceTree = "<group>"; };
		E2CEC092EC10F56BC686F127 /* Pods-Charity.debug.xcconfig */ = {isa = PBXFileReference; includeInIndex = 1; lastKnownFileType = text.xcconfig; name = "Pods-Charity.debug.xcconfig"; path = "Pods/Target Support Files/Pods-Charity/Pods-Charity.debug.xcconfig"; sourceTree = "<group>"; };
		F1704AB9679B177506A47A7E /* libPods-Charity.a */ = {isa = PBXFileReference; explicitFileType = archive.ar; includeInIndex = 0; path = "libPods-Charity.a"; sourceTree = BUILT_PRODUCTS_DIR; };
		F51BF9321B3592FF001CCDB9 /* Bank.h */ = {isa = PBXFileReference; fileEncoding = 4; lastKnownFileType = sourcecode.c.h; path = Bank.h; sourceTree = "<group>"; };
		F51BF9331B3592FF001CCDB9 /* Bank.m */ = {isa = PBXFileReference; fileEncoding = 4; lastKnownFileType = sourcecode.c.objc; path = Bank.m; sourceTree = "<group>"; };
		F51BF9351B35A55E001CCDB9 /* BalanceView.h */ = {isa = PBXFileReference; fileEncoding = 4; lastKnownFileType = sourcecode.c.h; path = BalanceView.h; sourceTree = "<group>"; };
		F51BF9361B35A55E001CCDB9 /* BalanceView.m */ = {isa = PBXFileReference; fileEncoding = 4; lastKnownFileType = sourcecode.c.objc; path = BalanceView.m; sourceTree = "<group>"; };
/* End PBXFileReference section */

/* Begin PBXFrameworksBuildPhase section */
		1725AFC61B3591940093E139 /* Frameworks */ = {
			isa = PBXFrameworksBuildPhase;
			buildActionMask = 2147483647;
			files = (
				A6825D7BC8CCD1B4534239B2 /* libPods-Charity.a in Frameworks */,
			);
			runOnlyForDeploymentPostprocessing = 0;
		};
		1725AFDF1B3591940093E139 /* Frameworks */ = {
			isa = PBXFrameworksBuildPhase;
			buildActionMask = 2147483647;
			files = (
			);
			runOnlyForDeploymentPostprocessing = 0;
		};
/* End PBXFrameworksBuildPhase section */

/* Begin PBXGroup section */
		00898C34FFB7D1DE1ED44120 /* Frameworks */ = {
			isa = PBXGroup;
			children = (
				F1704AB9679B177506A47A7E /* libPods-Charity.a */,
			);
			name = Frameworks;
			sourceTree = "<group>";
		};
		1725AFC01B3591940093E139 = {
			isa = PBXGroup;
			children = (
				1725AFCB1B3591940093E139 /* Charity */,
				1725AFE51B3591940093E139 /* CharityTests */,
				1725AFCA1B3591940093E139 /* Products */,
				F25B727E1E41F6D2336CE8B8 /* Pods */,
				00898C34FFB7D1DE1ED44120 /* Frameworks */,
			);
			sourceTree = "<group>";
		};
		1725AFCA1B3591940093E139 /* Products */ = {
			isa = PBXGroup;
			children = (
				1725AFC91B3591940093E139 /* Charity.app */,
				1725AFE21B3591940093E139 /* CharityTests.xctest */,
			);
			name = Products;
			sourceTree = "<group>";
		};
		1725AFCB1B3591940093E139 /* Charity */ = {
			isa = PBXGroup;
			children = (
				1725AFD01B3591940093E139 /* AppDelegate.h */,
				1725AFD11B3591940093E139 /* AppDelegate.m */,
				1725AFD31B3591940093E139 /* ViewController.h */,
				1725AFD41B3591940093E139 /* ViewController.m */,
				1725AFD61B3591940093E139 /* Main.storyboard */,
				1725AFD91B3591940093E139 /* Images.xcassets */,
				1725AFDB1B3591940093E139 /* LaunchScreen.xib */,
				1725AFCC1B3591940093E139 /* Supporting Files */,
				F51BF9321B3592FF001CCDB9 /* Bank.h */,
				F51BF9331B3592FF001CCDB9 /* Bank.m */,
				F51BF9351B35A55E001CCDB9 /* BalanceView.h */,
				F51BF9361B35A55E001CCDB9 /* BalanceView.m */,
			);
			path = Charity;
			sourceTree = "<group>";
		};
		1725AFCC1B3591940093E139 /* Supporting Files */ = {
			isa = PBXGroup;
			children = (
				1725AFCD1B3591940093E139 /* Info.plist */,
				1725AFCE1B3591940093E139 /* main.m */,
			);
			name = "Supporting Files";
			sourceTree = "<group>";
		};
		1725AFE51B3591940093E139 /* CharityTests */ = {
			isa = PBXGroup;
			children = (
				1725AFE81B3591940093E139 /* CharityTests.m */,
				1725AFE61B3591940093E139 /* Supporting Files */,
			);
			path = CharityTests;
			sourceTree = "<group>";
		};
		1725AFE61B3591940093E139 /* Supporting Files */ = {
			isa = PBXGroup;
			children = (
				1725AFE71B3591940093E139 /* Info.plist */,
			);
			name = "Supporting Files";
			sourceTree = "<group>";
		};
		F25B727E1E41F6D2336CE8B8 /* Pods */ = {
			isa = PBXGroup;
			children = (
				E2CEC092EC10F56BC686F127 /* Pods-Charity.debug.xcconfig */,
				36B4AF9CBBE28A9485C91C97 /* Pods-Charity.release.xcconfig */,
			);
			name = Pods;
			sourceTree = "<group>";
		};
/* End PBXGroup section */

/* Begin PBXNativeTarget section */
		1725AFC81B3591940093E139 /* Charity */ = {
			isa = PBXNativeTarget;
			buildConfigurationList = 1725AFEC1B3591940093E139 /* Build configuration list for PBXNativeTarget "Charity" */;
			buildPhases = (
				BB010F230C60BCEA4AB8775D /* Check Pods Manifest.lock */,
				1725AFC51B3591940093E139 /* Sources */,
				1725AFC61B3591940093E139 /* Frameworks */,
				1725AFC71B3591940093E139 /* Resources */,
				31AFB4E64F93B7828813506E /* Copy Pods Resources */,
			);
			buildRules = (
			);
			dependencies = (
			);
			name = Charity;
			productName = Charity;
			productReference = 1725AFC91B3591940093E139 /* Charity.app */;
			productType = "com.apple.product-type.application";
		};
		1725AFE11B3591940093E139 /* CharityTests */ = {
			isa = PBXNativeTarget;
			buildConfigurationList = 1725AFEF1B3591940093E139 /* Build configuration list for PBXNativeTarget "CharityTests" */;
			buildPhases = (
				1725AFDE1B3591940093E139 /* Sources */,
				1725AFDF1B3591940093E139 /* Frameworks */,
				1725AFE01B3591940093E139 /* Resources */,
			);
			buildRules = (
			);
			dependencies = (
				1725AFE41B3591940093E139 /* PBXTargetDependency */,
			);
			name = CharityTests;
			productName = CharityTests;
			productReference = 1725AFE21B3591940093E139 /* CharityTests.xctest */;
			productType = "com.apple.product-type.bundle.unit-test";
		};
/* End PBXNativeTarget section */

/* Begin PBXProject section */
		1725AFC11B3591940093E139 /* Project object */ = {
			isa = PBXProject;
			attributes = {
				LastUpgradeCheck = 0630;
				ORGANIZATIONNAME = BattleHack;
				TargetAttributes = {
					1725AFC81B3591940093E139 = {
						CreatedOnToolsVersion = 6.3.1;
					};
					1725AFE11B3591940093E139 = {
						CreatedOnToolsVersion = 6.3.1;
						TestTargetID = 1725AFC81B3591940093E139;
					};
				};
			};
			buildConfigurationList = 1725AFC41B3591940093E139 /* Build configuration list for PBXProject "Charity" */;
			compatibilityVersion = "Xcode 3.2";
			developmentRegion = English;
			hasScannedForEncodings = 0;
			knownRegions = (
				en,
				Base,
			);
			mainGroup = 1725AFC01B3591940093E139;
			productRefGroup = 1725AFCA1B3591940093E139 /* Products */;
			projectDirPath = "";
			projectRoot = "";
			targets = (
				1725AFC81B3591940093E139 /* Charity */,
				1725AFE11B3591940093E139 /* CharityTests */,
			);
		};
/* End PBXProject section */

/* Begin PBXResourcesBuildPhase section */
		1725AFC71B3591940093E139 /* Resources */ = {
			isa = PBXResourcesBuildPhase;
			buildActionMask = 2147483647;
			files = (
				1725AFD81B3591940093E139 /* Main.storyboard in Resources */,
				1725AFDD1B3591940093E139 /* LaunchScreen.xib in Resources */,
				1725AFDA1B3591940093E139 /* Images.xcassets in Resources */,
			);
			runOnlyForDeploymentPostprocessing = 0;
		};
		1725AFE01B3591940093E139 /* Resources */ = {
			isa = PBXResourcesBuildPhase;
			buildActionMask = 2147483647;
			files = (
			);
			runOnlyForDeploymentPostprocessing = 0;
		};
/* End PBXResourcesBuildPhase section */

/* Begin PBXShellScriptBuildPhase section */
		31AFB4E64F93B7828813506E /* Copy Pods Resources */ = {
			isa = PBXShellScriptBuildPhase;
			buildActionMask = 2147483647;
			files = (
			);
			inputPaths = (
			);
			name = "Copy Pods Resources";
			outputPaths = (
			);
			runOnlyForDeploymentPostprocessing = 0;
			shellPath = /bin/sh;
			shellScript = "\"${SRCROOT}/Pods/Target Support Files/Pods-Charity/Pods-Charity-resources.sh\"\n";
			showEnvVarsInLog = 0;
		};
		BB010F230C60BCEA4AB8775D /* Check Pods Manifest.lock */ = {
			isa = PBXShellScriptBuildPhase;
			buildActionMask = 2147483647;
			files = (
			);
			inputPaths = (
			);
			name = "Check Pods Manifest.lock";
			outputPaths = (
			);
			runOnlyForDeploymentPostprocessing = 0;
			shellPath = /bin/sh;
			shellScript = "diff \"${PODS_ROOT}/../Podfile.lock\" \"${PODS_ROOT}/Manifest.lock\" > /dev/null\nif [[ $? != 0 ]] ; then\n    cat << EOM\nerror: The sandbox is not in sync with the Podfile.lock. Run 'pod install' or update your CocoaPods installation.\nEOM\n    exit 1\nfi\n";
			showEnvVarsInLog = 0;
		};
/* End PBXShellScriptBuildPhase section */

/* Begin PBXSourcesBuildPhase section */
		1725AFC51B3591940093E139 /* Sources */ = {
			isa = PBXSourcesBuildPhase;
			buildActionMask = 2147483647;
			files = (
				F51BF9371B35A55E001CCDB9 /* BalanceView.m in Sources */,
				1725AFD51B3591940093E139 /* ViewController.m in Sources */,
				F51BF9341B3592FF001CCDB9 /* Bank.m in Sources */,
				1725AFD21B3591940093E139 /* AppDelegate.m in Sources */,
				1725AFCF1B3591940093E139 /* main.m in Sources */,
			);
			runOnlyForDeploymentPostprocessing = 0;
		};
		1725AFDE1B3591940093E139 /* Sources */ = {
			isa = PBXSourcesBuildPhase;
			buildActionMask = 2147483647;
			files = (
				1725AFE91B3591940093E139 /* CharityTests.m in Sources */,
			);
			runOnlyForDeploymentPostprocessing = 0;
		};
/* End PBXSourcesBuildPhase section */

/* Begin PBXTargetDependency section */
		1725AFE41B3591940093E139 /* PBXTargetDependency */ = {
			isa = PBXTargetDependency;
			target = 1725AFC81B3591940093E139 /* Charity */;
			targetProxy = 1725AFE31B3591940093E139 /* PBXContainerItemProxy */;
		};
/* End PBXTargetDependency section */

/* Begin PBXVariantGroup section */
		1725AFD61B3591940093E139 /* Main.storyboard */ = {
			isa = PBXVariantGroup;
			children = (
				1725AFD71B3591940093E139 /* Base */,
			);
			name = Main.storyboard;
			sourceTree = "<group>";
		};
		1725AFDB1B3591940093E139 /* LaunchScreen.xib */ = {
			isa = PBXVariantGroup;
			children = (
				1725AFDC1B3591940093E139 /* Base */,
			);
			name = LaunchScreen.xib;
			sourceTree = "<group>";
		};
/* End PBXVariantGroup section */

/* Begin XCBuildConfiguration section */
		1725AFEA1B3591940093E139 /* Debug */ = {
			isa = XCBuildConfiguration;
			buildSettings = {
				ALWAYS_SEARCH_USER_PATHS = NO;
				CLANG_CXX_LANGUAGE_STANDARD = "gnu++0x";
				CLANG_CXX_LIBRARY = "libc++";
				CLANG_ENABLE_MODULES = YES;
				CLANG_ENABLE_OBJC_ARC = YES;
				CLANG_WARN_BOOL_CONVERSION = YES;
				CLANG_WARN_CONSTANT_CONVERSION = YES;
				CLANG_WARN_DIRECT_OBJC_ISA_USAGE = YES_ERROR;
				CLANG_WARN_EMPTY_BODY = YES;
				CLANG_WARN_ENUM_CONVERSION = YES;
				CLANG_WARN_INT_CONVERSION = YES;
				CLANG_WARN_OBJC_ROOT_CLASS = YES_ERROR;
				CLANG_WARN_UNREACHABLE_CODE = YES;
				CLANG_WARN__DUPLICATE_METHOD_MATCH = YES;
				"CODE_SIGN_IDENTITY[sdk=iphoneos*]" = "iPhone Developer";
				COPY_PHASE_STRIP = NO;
				DEBUG_INFORMATION_FORMAT = "dwarf-with-dsym";
				ENABLE_STRICT_OBJC_MSGSEND = YES;
				GCC_C_LANGUAGE_STANDARD = gnu99;
				GCC_DYNAMIC_NO_PIC = NO;
				GCC_NO_COMMON_BLOCKS = YES;
				GCC_OPTIMIZATION_LEVEL = 0;
				GCC_PREPROCESSOR_DEFINITIONS = (
					"DEBUG=1",
					"$(inherited)",
				);
				GCC_SYMBOLS_PRIVATE_EXTERN = NO;
				GCC_WARN_64_TO_32_BIT_CONVERSION = YES;
				GCC_WARN_ABOUT_RETURN_TYPE = YES_ERROR;
				GCC_WARN_UNDECLARED_SELECTOR = YES;
				GCC_WARN_UNINITIALIZED_AUTOS = YES_AGGRESSIVE;
				GCC_WARN_UNUSED_FUNCTION = YES;
				GCC_WARN_UNUSED_VARIABLE = YES;
				IPHONEOS_DEPLOYMENT_TARGET = 8.3;
				MTL_ENABLE_DEBUG_INFO = YES;
				ONLY_ACTIVE_ARCH = YES;
				SDKROOT = iphoneos;
				TARGETED_DEVICE_FAMILY = "1,2";
			};
			name = Debug;
		};
		1725AFEB1B3591940093E139 /* Release */ = {
			isa = XCBuildConfiguration;
			buildSettings = {
				ALWAYS_SEARCH_USER_PATHS = NO;
				CLANG_CXX_LANGUAGE_STANDARD = "gnu++0x";
				CLANG_CXX_LIBRARY = "libc++";
				CLANG_ENABLE_MODULES = YES;
				CLANG_ENABLE_OBJC_ARC = YES;
				CLANG_WARN_BOOL_CONVERSION = YES;
				CLANG_WARN_CONSTANT_CONVERSION = YES;
				CLANG_WARN_DIRECT_OBJC_ISA_USAGE = YES_ERROR;
				CLANG_WARN_EMPTY_BODY = YES;
				CLANG_WARN_ENUM_CONVERSION = YES;
				CLANG_WARN_INT_CONVERSION = YES;
				CLANG_WARN_OBJC_ROOT_CLASS = YES_ERROR;
				CLANG_WARN_UNREACHABLE_CODE = YES;
				CLANG_WARN__DUPLICATE_METHOD_MATCH = YES;
				"CODE_SIGN_IDENTITY[sdk=iphoneos*]" = "iPhone Developer";
				COPY_PHASE_STRIP = NO;
				DEBUG_INFORMATION_FORMAT = "dwarf-with-dsym";
				ENABLE_NS_ASSERTIONS = NO;
				ENABLE_STRICT_OBJC_MSGSEND = YES;
				GCC_C_LANGUAGE_STANDARD = gnu99;
				GCC_NO_COMMON_BLOCKS = YES;
				GCC_WARN_64_TO_32_BIT_CONVERSION = YES;
				GCC_WARN_ABOUT_RETURN_TYPE = YES_ERROR;
				GCC_WARN_UNDECLARED_SELECTOR = YES;
				GCC_WARN_UNINITIALIZED_AUTOS = YES_AGGRESSIVE;
				GCC_WARN_UNUSED_FUNCTION = YES;
				GCC_WARN_UNUSED_VARIABLE = YES;
				IPHONEOS_DEPLOYMENT_TARGET = 8.3;
				MTL_ENABLE_DEBUG_INFO = NO;
				SDKROOT = iphoneos;
				TARGETED_DEVICE_FAMILY = "1,2";
				VALIDATE_PRODUCT = YES;
			};
			name = Release;
		};
		1725AFED1B3591940093E139 /* Debug */ = {
			isa = XCBuildConfiguration;
			baseConfigurationReference = E2CEC092EC10F56BC686F127 /* Pods-Charity.debug.xcconfig */;
			buildSettings = {
				ASSETCATALOG_COMPILER_APPICON_NAME = AppIcon;
				INFOPLIST_FILE = Charity/Info.plist;
				LD_RUNPATH_SEARCH_PATHS = "$(inherited) @executable_path/Frameworks";
				PRODUCT_NAME = "$(TARGET_NAME)";
			};
			name = Debug;
		};
		1725AFEE1B3591940093E139 /* Release */ = {
			isa = XCBuildConfiguration;
			baseConfigurationReference = 36B4AF9CBBE28A9485C91C97 /* Pods-Charity.release.xcconfig */;
			buildSettings = {
				ASSETCATALOG_COMPILER_APPICON_NAME = AppIcon;
				INFOPLIST_FILE = Charity/Info.plist;
				LD_RUNPATH_SEARCH_PATHS = "$(inherited) @executable_path/Frameworks";
				PRODUCT_NAME = "$(TARGET_NAME)";
			};
			name = Release;
		};
		1725AFF01B3591940093E139 /* Debug */ = {
			isa = XCBuildConfiguration;
			buildSettings = {
				BUNDLE_LOADER = "$(TEST_HOST)";
				FRAMEWORK_SEARCH_PATHS = (
					"$(SDKROOT)/Developer/Library/Frameworks",
					"$(inherited)",
				);
				GCC_PREPROCESSOR_DEFINITIONS = (
					"DEBUG=1",
					"$(inherited)",
				);
				INFOPLIST_FILE = CharityTests/Info.plist;
				LD_RUNPATH_SEARCH_PATHS = "$(inherited) @executable_path/Frameworks @loader_path/Frameworks";
				PRODUCT_NAME = "$(TARGET_NAME)";
				TEST_HOST = "$(BUILT_PRODUCTS_DIR)/Charity.app/Charity";
			};
			name = Debug;
		};
		1725AFF11B3591940093E139 /* Release */ = {
			isa = XCBuildConfiguration;
			buildSettings = {
				BUNDLE_LOADER = "$(TEST_HOST)";
				FRAMEWORK_SEARCH_PATHS = (
					"$(SDKROOT)/Developer/Library/Frameworks",
					"$(inherited)",
				);
				INFOPLIST_FILE = CharityTests/Info.plist;
				LD_RUNPATH_SEARCH_PATHS = "$(inherited) @executable_path/Frameworks @loader_path/Frameworks";
				PRODUCT_NAME = "$(TARGET_NAME)";
				TEST_HOST = "$(BUILT_PRODUCTS_DIR)/Charity.app/Charity";
			};
			name = Release;
		};
/* End XCBuildConfiguration section */

/* Begin XCConfigurationList section */
		1725AFC41B3591940093E139 /* Build configuration list for PBXProject "Charity" */ = {
			isa = XCConfigurationList;
			buildConfigurations = (
				1725AFEA1B3591940093E139 /* Debug */,
				1725AFEB1B3591940093E139 /* Release */,
			);
			defaultConfigurationIsVisible = 0;
			defaultConfigurationName = Release;
		};
		1725AFEC1B3591940093E139 /* Build configuration list for PBXNativeTarget "Charity" */ = {
			isa = XCConfigurationList;
			buildConfigurations = (
				1725AFED1B3591940093E139 /* Debug */,
				1725AFEE1B3591940093E139 /* Release */,
			);
			defaultConfigurationIsVisible = 0;
			defaultConfigurationName = Release;
		};
		1725AFEF1B3591940093E139 /* Build configuration list for PBXNativeTarget "CharityTests" */ = {
			isa = XCConfigurationList;
			buildConfigurations = (
				1725AFF01B3591940093E139 /* Debug */,
				1725AFF11B3591940093E139 /* Release */,
			);
			defaultConfigurationIsVisible = 0;
			defaultConfigurationName = Release;
		};
/* End XCConfigurationList section */
	};
	rootObject = 1725AFC11B3591940093E139 /* Project object */;
}
